{
  "name": "test",
  "version": "1.0.0",
  "lockfileVersion": 1,
  "requires": true,
  "dependencies": {
    "logis": {
      "version": "1.0.2",
      "resolved": "https://registry.npmjs.org/logis/-/logis-1.0.2.tgz",
      "integrity": "sha512-Hke9EsMEhb8gpGC/WvHDTmqBNlYkMFCWCssCeqp4YvkwfSr0gdL5BQCdSgloiL8S+vAY1MkxUy0LNsGsi9ovtw=="
    }
  }
}
