{
  "name": "test",
  "version": "1.0.0",
  "lockfileVersion": 1,
  "requires": true,
  "dependencies": {
    "logis": {
      "version": "1.0.3",
      "resolved": "https://registry.npmjs.org/logis/-/logis-1.0.3.tgz",
      "integrity": "sha512-rKRidg9dwKuz4WpayRtj+gj+CApwCYZR26GRdjJaA4TjzSe9T1ct8aoDGXPQ+xhj95aiNn6N+meG70ZMGQIuuw=="
    }
  }
}
